
Microsoft Visual Studio Solution File, Format Version 12.00
# Visual Studio Version 17
VisualStudioVersion = 17.5.33414.496
MinimumVisualStudioVersion = 10.0.40219.1
Project("{FAE04EC0-301F-11D3-BF4B-00C04F79EFBC}") = "WFA_HizliOkumaProgrami", "WFA_HizliOkumaProgrami\WFA_HizliOkumaProgrami.csproj", "{B3FEDEEB-C32E-4754-82DB-95370444346C}"
EndProject
Global
	GlobalSection(SolutionConfigurationPlatforms) = preSolution
		Debug|Any CPU = Debug|Any CPU
		Release|Any CPU = Release|Any CPU
	EndGlobalSection
	GlobalSection(ProjectConfigurationPlatforms) = postSolution
		{B3FEDEEB-C32E-4754-82DB-95370444346C}.Debug|Any CPU.ActiveCfg = Debug|Any CPU
		{B3FEDEEB-C32E-4754-82DB-95370444346C}.Debug|Any CPU.Build.0 = Debug|Any CPU
		{B3FEDEEB-C32E-4754-82DB-95370444346C}.Release|Any CPU.ActiveCfg = Release|Any CPU
		{B3FEDEEB-C32E-4754-82DB-95370444346C}.Release|Any CPU.Build.0 = Release|Any CPU
	EndGlobalSection
	GlobalSection(SolutionProperties) = preSolution
		HideSolutionNode = FALSE
	EndGlobalSection
	GlobalSection(ExtensibilityGlobals) = postSolution
		SolutionGuid = {B05A1505-5FF5-42E5-B1D8-33A93F460DFA}
	EndGlobalSection
EndGlobal
