
Microsoft Visual Studio Solution File, Format Version 12.00
# Visual Studio Version 17
VisualStudioVersion = 17.4.33213.308
MinimumVisualStudioVersion = 10.0.40219.1
Project("{FAE04EC0-301F-11D3-BF4B-00C04F79EFBC}") = "ButtonGroupBoxSize", "ButtonGroupBoxSize\ButtonGroupBoxSize.csproj", "{90A93046-3654-4D74-A112-4D9B0C6ACC86}"
EndProject
Global
	GlobalSection(SolutionConfigurationPlatforms) = preSolution
		Debug|Any CPU = Debug|Any CPU
		Release|Any CPU = Release|Any CPU
	EndGlobalSection
	GlobalSection(ProjectConfigurationPlatforms) = postSolution
		{90A93046-3654-4D74-A112-4D9B0C6ACC86}.Debug|Any CPU.ActiveCfg = Debug|Any CPU
		{90A93046-3654-4D74-A112-4D9B0C6ACC86}.Debug|Any CPU.Build.0 = Debug|Any CPU
		{90A93046-3654-4D74-A112-4D9B0C6ACC86}.Release|Any CPU.ActiveCfg = Release|Any CPU
		{90A93046-3654-4D74-A112-4D9B0C6ACC86}.Release|Any CPU.Build.0 = Release|Any CPU
	EndGlobalSection
	GlobalSection(SolutionProperties) = preSolution
		HideSolutionNode = FALSE
	EndGlobalSection
	GlobalSection(ExtensibilityGlobals) = postSolution
		SolutionGuid = {3055CB9F-8564-4182-9774-FD60D60C9528}
	EndGlobalSection
EndGlobal
