
Microsoft Visual Studio Solution File, Format Version 12.00
# Visual Studio Version 17
VisualStudioVersion = 17.2.32616.157
MinimumVisualStudioVersion = 10.0.40219.1
Project("{FAE04EC0-301F-11D3-BF4B-00C04F79EFBC}") = "OOP_Hamburger_Atakan", "OOP_Hamburger_Atakan\OOP_Hamburger_Atakan.csproj", "{7A79198B-296D-4C4E-8F3B-6B63728A808E}"
EndProject
Global
	GlobalSection(SolutionConfigurationPlatforms) = preSolution
		Debug|Any CPU = Debug|Any CPU
		Release|Any CPU = Release|Any CPU
	EndGlobalSection
	GlobalSection(ProjectConfigurationPlatforms) = postSolution
		{7A79198B-296D-4C4E-8F3B-6B63728A808E}.Debug|Any CPU.ActiveCfg = Debug|Any CPU
		{7A79198B-296D-4C4E-8F3B-6B63728A808E}.Debug|Any CPU.Build.0 = Debug|Any CPU
		{7A79198B-296D-4C4E-8F3B-6B63728A808E}.Release|Any CPU.ActiveCfg = Release|Any CPU
		{7A79198B-296D-4C4E-8F3B-6B63728A808E}.Release|Any CPU.Build.0 = Release|Any CPU
	EndGlobalSection
	GlobalSection(SolutionProperties) = preSolution
		HideSolutionNode = FALSE
	EndGlobalSection
	GlobalSection(ExtensibilityGlobals) = postSolution
		SolutionGuid = {A4BE6755-FD2C-4EE7-8316-503F003E76A8}
	EndGlobalSection
EndGlobal
