
Microsoft Visual Studio Solution File, Format Version 12.00
# Visual Studio Version 17
VisualStudioVersion = 17.4.33403.182
MinimumVisualStudioVersion = 10.0.40219.1
Project("{FAE04EC0-301F-11D3-BF4B-00C04F79EFBC}") = "ShopVitrin", "ShopVitrin\ShopVitrin.csproj", "{A31EF248-8CF3-4138-9C58-0916DE532F1E}"
EndProject
Global
	GlobalSection(SolutionConfigurationPlatforms) = preSolution
		Debug|Any CPU = Debug|Any CPU
		Release|Any CPU = Release|Any CPU
	EndGlobalSection
	GlobalSection(ProjectConfigurationPlatforms) = postSolution
		{A31EF248-8CF3-4138-9C58-0916DE532F1E}.Debug|Any CPU.ActiveCfg = Debug|Any CPU
		{A31EF248-8CF3-4138-9C58-0916DE532F1E}.Debug|Any CPU.Build.0 = Debug|Any CPU
		{A31EF248-8CF3-4138-9C58-0916DE532F1E}.Release|Any CPU.ActiveCfg = Release|Any CPU
		{A31EF248-8CF3-4138-9C58-0916DE532F1E}.Release|Any CPU.Build.0 = Release|Any CPU
	EndGlobalSection
	GlobalSection(SolutionProperties) = preSolution
		HideSolutionNode = FALSE
	EndGlobalSection
	GlobalSection(ExtensibilityGlobals) = postSolution
		SolutionGuid = {2E47E044-7FB2-42B6-A08A-E256C0C4DDAF}
	EndGlobalSection
EndGlobal
